// !$*UTF8*$!
{
	archiveVersion = 1;
	classes = {
	};
	objectVersion = 50;
	objects = {

/* Begin PBXBuildFile section */
		D0D1595F21E5624400CE1EF0 /* BuildRun.swift in Sources */ = {isa = PBXBuildFile; fileRef = D0D1595E21E5624400CE1EF0 /* BuildRun.swift */; };
		D0E04B0C21E541000015F385 /* AppDelegate.swift in Sources */ = {isa = PBXBuildFile; fileRef = D0E04B0B21E541000015F385 /* AppDelegate.swift */; };
		D0E04B0E21E541030015F385 /* Assets.xcassets in Resources */ = {isa = PBXBuildFile; fileRef = D0E04B0D21E541030015F385 /* Assets.xcassets */; };
		D0E04B1121E541030015F385 /* MainMenu.xib in Resources */ = {isa = PBXBuildFile; fileRef = D0E04B0F21E541030015F385 /* MainMenu.xib */; };
		D0E04B1D21E541030015F385 /* Java_BuildRunTests.swift in Sources */ = {isa = PBXBuildFile; fileRef = D0E04B1C21E541030015F385 /* Java_BuildRunTests.swift */; };
		D0E04B2821E541030015F385 /* Java_BuildRunUITests.swift in Sources */ = {isa = PBXBuildFile; fileRef = D0E04B2721E541030015F385 /* Java_BuildRunUITests.swift */; };
		D0E04B3621E54A720015F385 /* Shell.swift in Sources */ = {isa = PBXBuildFile; fileRef = D0E04B3521E54A720015F385 /* Shell.swift */; };
/* End PBXBuildFile section */

/* Begin PBXContainerItemProxy section */
		D0E04B1921E541030015F385 /* PBXContainerItemProxy */ = {
			isa = PBXContainerItemProxy;
			containerPortal = D0E04B0021E541000015F385 /* Project object */;
			proxyType = 1;
			remoteGlobalIDString = D0E04B0721E541000015F385;
			remoteInfo = "Java BuildRun";
		};
		D0E04B2421E541030015F385 /* PBXContainerItemProxy */ = {
			isa = PBXContainerItemProxy;
			containerPortal = D0E04B0021E541000015F385 /* Project object */;
			proxyType = 1;
			remoteGlobalIDString = D0E04B0721E541000015F385;
			remoteInfo = "Java BuildRun";
		};
/* End PBXContainerItemProxy section */

/* Begin PBXFileReference section */
		D0D1595E21E5624400CE1EF0 /* BuildRun.swift */ = {isa = PBXFileReference; lastKnownFileType = sourcecode.swift; path = BuildRun.swift; sourceTree = "<group>"; };
		D0E04B0821E541000015F385 /* Keurig.app */ = {isa = PBXFileReference; explicitFileType = wrapper.application; includeInIndex = 0; path = Keurig.app; sourceTree = BUILT_PRODUCTS_DIR; };
		D0E04B0B21E541000015F385 /* AppDelegate.swift */ = {isa = PBXFileReference; lastKnownFileType = sourcecode.swift; path = AppDelegate.swift; sourceTree = "<group>"; };
		D0E04B0D21E541030015F385 /* Assets.xcassets */ = {isa = PBXFileReference; lastKnownFileType = folder.assetcatalog; path = Assets.xcassets; sourceTree = "<group>"; };
		D0E04B1021E541030015F385 /* Base */ = {isa = PBXFileReference; lastKnownFileType = file.xib; name = Base; path = Base.lproj/MainMenu.xib; sourceTree = "<group>"; };
		D0E04B1221E541030015F385 /* Info.plist */ = {isa = PBXFileReference; lastKnownFileType = text.plist.xml; path = Info.plist; sourceTree = "<group>"; };
		D0E04B1321E541030015F385 /* Keurig.entitlements */ = {isa = PBXFileReference; lastKnownFileType = text.plist.entitlements; path = Keurig.entitlements; sourceTree = "<group>"; };
		D0E04B1821E541030015F385 /* KeurigTests.xctest */ = {isa = PBXFileReference; explicitFileType = wrapper.cfbundle; includeInIndex = 0; path = KeurigTests.xctest; sourceTree = BUILT_PRODUCTS_DIR; };
		D0E04B1C21E541030015F385 /* Java_BuildRunTests.swift */ = {isa = PBXFileReference; lastKnownFileType = sourcecode.swift; path = Java_BuildRunTests.swift; sourceTree = "<group>"; };
		D0E04B1E21E541030015F385 /* Info.plist */ = {isa = PBXFileReference; lastKnownFileType = text.plist.xml; path = Info.plist; sourceTree = "<group>"; };
		D0E04B2321E541030015F385 /* KeurigUITests.xctest */ = {isa = PBXFileReference; explicitFileType = wrapper.cfbundle; includeInIndex = 0; path = KeurigUITests.xctest; sourceTree = BUILT_PRODUCTS_DIR; };
		D0E04B2721E541030015F385 /* Java_BuildRunUITests.swift */ = {isa = PBXFileReference; lastKnownFileType = sourcecode.swift; path = Java_BuildRunUITests.swift; sourceTree = "<group>"; };
		D0E04B2921E541030015F385 /* Info.plist */ = {isa = PBXFileReference; lastKnownFileType = text.plist.xml; path = Info.plist; sourceTree = "<group>"; };
		D0E04B3521E54A720015F385 /* Shell.swift */ = {isa = PBXFileReference; lastKnownFileType = sourcecode.swift; path = Shell.swift; sourceTree = "<group>"; };
/* End PBXFileReference section */

/* Begin PBXFrameworksBuildPhase section */
		D0E04B0521E541000015F385 /* Frameworks */ = {
			isa = PBXFrameworksBuildPhase;
			buildActionMask = 2147483647;
			files = (
			);
			runOnlyForDeploymentPostprocessing = 0;
		};
		D0E04B1521E541030015F385 /* Frameworks */ = {
			isa = PBXFrameworksBuildPhase;
			buildActionMask = 2147483647;
			files = (
			);
			runOnlyForDeploymentPostprocessing = 0;
		};
		D0E04B2021E541030015F385 /* Frameworks */ = {
			isa = PBXFrameworksBuildPhase;
			buildActionMask = 2147483647;
			files = (
			);
			runOnlyForDeploymentPostprocessing = 0;
		};
/* End PBXFrameworksBuildPhase section */

/* Begin PBXGroup section */
		D0E04AFF21E541000015F385 = {
			isa = PBXGroup;
			children = (
				D0E04B0A21E541000015F385 /* Keurig */,
				D0E04B1B21E541030015F385 /* KeurigTests */,
				D0E04B2621E541030015F385 /* KeurigUITests */,
				D0E04B0921E541000015F385 /* Products */,
			);
			sourceTree = "<group>";
		};
		D0E04B0921E541000015F385 /* Products */ = {
			isa = PBXGroup;
			children = (
				D0E04B0821E541000015F385 /* Keurig.app */,
				D0E04B1821E541030015F385 /* KeurigTests.xctest */,
				D0E04B2321E541030015F385 /* KeurigUITests.xctest */,
			);
			name = Products;
			sourceTree = "<group>";
		};
		D0E04B0A21E541000015F385 /* Keurig */ = {
			isa = PBXGroup;
			children = (
				D0E04B0B21E541000015F385 /* AppDelegate.swift */,
				D0E04B3521E54A720015F385 /* Shell.swift */,
				D0D1595E21E5624400CE1EF0 /* BuildRun.swift */,
				D0E04B0D21E541030015F385 /* Assets.xcassets */,
				D0E04B0F21E541030015F385 /* MainMenu.xib */,
				D0E04B1221E541030015F385 /* Info.plist */,
				D0E04B1321E541030015F385 /* Keurig.entitlements */,
			);
			path = Keurig;
			sourceTree = "<group>";
		};
		D0E04B1B21E541030015F385 /* KeurigTests */ = {
			isa = PBXGroup;
			children = (
				D0E04B1C21E541030015F385 /* Java_BuildRunTests.swift */,
				D0E04B1E21E541030015F385 /* Info.plist */,
			);
			path = KeurigTests;
			sourceTree = "<group>";
		};
		D0E04B2621E541030015F385 /* KeurigUITests */ = {
			isa = PBXGroup;
			children = (
				D0E04B2721E541030015F385 /* Java_BuildRunUITests.swift */,
				D0E04B2921E541030015F385 /* Info.plist */,
			);
			path = KeurigUITests;
			sourceTree = "<group>";
		};
/* End PBXGroup section */

/* Begin PBXNativeTarget section */
		D0E04B0721E541000015F385 /* Keurig */ = {
			isa = PBXNativeTarget;
			buildConfigurationList = D0E04B2C21E541030015F385 /* Build configuration list for PBXNativeTarget "Keurig" */;
			buildPhases = (
				D0E04B0421E541000015F385 /* Sources */,
				D0E04B0521E541000015F385 /* Frameworks */,
				D0E04B0621E541000015F385 /* Resources */,
			);
			buildRules = (
			);
			dependencies = (
			);
			name = Keurig;
			productName = "Java BuildRun";
			productReference = D0E04B0821E541000015F385 /* Keurig.app */;
			productType = "com.apple.product-type.application";
		};
		D0E04B1721E541030015F385 /* KeurigTests */ = {
			isa = PBXNativeTarget;
			buildConfigurationList = D0E04B2F21E541030015F385 /* Build configuration list for PBXNativeTarget "KeurigTests" */;
			buildPhases = (
				D0E04B1421E541030015F385 /* Sources */,
				D0E04B1521E541030015F385 /* Frameworks */,
				D0E04B1621E541030015F385 /* Resources */,
			);
			buildRules = (
			);
			dependencies = (
				D0E04B1A21E541030015F385 /* PBXTargetDependency */,
			);
			name = KeurigTests;
			productName = "Java BuildRunTests";
			productReference = D0E04B1821E541030015F385 /* KeurigTests.xctest */;
			productType = "com.apple.product-type.bundle.unit-test";
		};
		D0E04B2221E541030015F385 /* KeurigUITests */ = {
			isa = PBXNativeTarget;
			buildConfigurationList = D0E04B3221E541030015F385 /* Build configuration list for PBXNativeTarget "KeurigUITests" */;
			buildPhases = (
				D0E04B1F21E541030015F385 /* Sources */,
				D0E04B2021E541030015F385 /* Frameworks */,
				D0E04B2121E541030015F385 /* Resources */,
			);
			buildRules = (
			);
			dependencies = (
				D0E04B2521E541030015F385 /* PBXTargetDependency */,
			);
			name = KeurigUITests;
			productName = "Java BuildRunUITests";
			productReference = D0E04B2321E541030015F385 /* KeurigUITests.xctest */;
			productType = "com.apple.product-type.bundle.ui-testing";
		};
/* End PBXNativeTarget section */

/* Begin PBXProject section */
		D0E04B0021E541000015F385 /* Project object */ = {
			isa = PBXProject;
			attributes = {
				LastSwiftUpdateCheck = 1010;
				LastUpgradeCheck = 1010;
				ORGANIZATIONNAME = "Royal Apps";
				TargetAttributes = {
					D0E04B0721E541000015F385 = {
						CreatedOnToolsVersion = 10.1;
					};
					D0E04B1721E541030015F385 = {
						CreatedOnToolsVersion = 10.1;
						TestTargetID = D0E04B0721E541000015F385;
					};
					D0E04B2221E541030015F385 = {
						CreatedOnToolsVersion = 10.1;
						TestTargetID = D0E04B0721E541000015F385;
					};
				};
			};
			buildConfigurationList = D0E04B0321E541000015F385 /* Build configuration list for PBXProject "Keurig" */;
			compatibilityVersion = "Xcode 9.3";
			developmentRegion = en;
			hasScannedForEncodings = 0;
			knownRegions = (
				en,
				Base,
			);
			mainGroup = D0E04AFF21E541000015F385;
			productRefGroup = D0E04B0921E541000015F385 /* Products */;
			projectDirPath = "";
			projectRoot = "";
			targets = (
				D0E04B0721E541000015F385 /* Keurig */,
				D0E04B1721E541030015F385 /* KeurigTests */,
				D0E04B2221E541030015F385 /* KeurigUITests */,
			);
		};
/* End PBXProject section */

/* Begin PBXResourcesBuildPhase section */
		D0E04B0621E541000015F385 /* Resources */ = {
			isa = PBXResourcesBuildPhase;
			buildActionMask = 2147483647;
			files = (
				D0E04B0E21E541030015F385 /* Assets.xcassets in Resources */,
				D0E04B1121E541030015F385 /* MainMenu.xib in Resources */,
			);
			runOnlyForDeploymentPostprocessing = 0;
		};
		D0E04B1621E541030015F385 /* Resources */ = {
			isa = PBXResourcesBuildPhase;
			buildActionMask = 2147483647;
			files = (
			);
			runOnlyForDeploymentPostprocessing = 0;
		};
		D0E04B2121E541030015F385 /* Resources */ = {
			isa = PBXResourcesBuildPhase;
			buildActionMask = 2147483647;
			files = (
			);
			runOnlyForDeploymentPostprocessing = 0;
		};
/* End PBXResourcesBuildPhase section */

/* Begin PBXSourcesBuildPhase section */
		D0E04B0421E541000015F385 /* Sources */ = {
			isa = PBXSourcesBuildPhase;
			buildActionMask = 2147483647;
			files = (
				D0E04B3621E54A720015F385 /* Shell.swift in Sources */,
				D0D1595F21E5624400CE1EF0 /* BuildRun.swift in Sources */,
				D0E04B0C21E541000015F385 /* AppDelegate.swift in Sources */,
			);
			runOnlyForDeploymentPostprocessing = 0;
		};
		D0E04B1421E541030015F385 /* Sources */ = {
			isa = PBXSourcesBuildPhase;
			buildActionMask = 2147483647;
			files = (
				D0E04B1D21E541030015F385 /* Java_BuildRunTests.swift in Sources */,
			);
			runOnlyForDeploymentPostprocessing = 0;
		};
		D0E04B1F21E541030015F385 /* Sources */ = {
			isa = PBXSourcesBuildPhase;
			buildActionMask = 2147483647;
			files = (
				D0E04B2821E541030015F385 /* Java_BuildRunUITests.swift in Sources */,
			);
			runOnlyForDeploymentPostprocessing = 0;
		};
/* End PBXSourcesBuildPhase section */

/* Begin PBXTargetDependency section */
		D0E04B1A21E541030015F385 /* PBXTargetDependency */ = {
			isa = PBXTargetDependency;
			target = D0E04B0721E541000015F385 /* Keurig */;
			targetProxy = D0E04B1921E541030015F385 /* PBXContainerItemProxy */;
		};
		D0E04B2521E541030015F385 /* PBXTargetDependency */ = {
			isa = PBXTargetDependency;
			target = D0E04B0721E541000015F385 /* Keurig */;
			targetProxy = D0E04B2421E541030015F385 /* PBXContainerItemProxy */;
		};
/* End PBXTargetDependency section */

/* Begin PBXVariantGroup section */
		D0E04B0F21E541030015F385 /* MainMenu.xib */ = {
			isa = PBXVariantGroup;
			children = (
				D0E04B1021E541030015F385 /* Base */,
			);
			name = MainMenu.xib;
			sourceTree = "<group>";
		};
/* End PBXVariantGroup section */

/* Begin XCBuildConfiguration section */
		D0E04B2A21E541030015F385 /* Debug */ = {
			isa = XCBuildConfiguration;
			buildSettings = {
				ALWAYS_SEARCH_USER_PATHS = NO;
				CLANG_ANALYZER_NONNULL = YES;
				CLANG_ANALYZER_NUMBER_OBJECT_CONVERSION = YES_AGGRESSIVE;
				CLANG_CXX_LANGUAGE_STANDARD = "gnu++14";
				CLANG_CXX_LIBRARY = "libc++";
				CLANG_ENABLE_MODULES = YES;
				CLANG_ENABLE_OBJC_ARC = YES;
				CLANG_ENABLE_OBJC_WEAK = YES;
				CLANG_WARN_BLOCK_CAPTURE_AUTORELEASING = YES;
				CLANG_WARN_BOOL_CONVERSION = YES;
				CLANG_WARN_COMMA = YES;
				CLANG_WARN_CONSTANT_CONVERSION = YES;
				CLANG_WARN_DEPRECATED_OBJC_IMPLEMENTATIONS = YES;
				CLANG_WARN_DIRECT_OBJC_ISA_USAGE = YES_ERROR;
				CLANG_WARN_DOCUMENTATION_COMMENTS = YES;
				CLANG_WARN_EMPTY_BODY = YES;
				CLANG_WARN_ENUM_CONVERSION = YES;
				CLANG_WARN_INFINITE_RECURSION = YES;
				CLANG_WARN_INT_CONVERSION = YES;
				CLANG_WARN_NON_LITERAL_NULL_CONVERSION = YES;
				CLANG_WARN_OBJC_IMPLICIT_RETAIN_SELF = YES;
				CLANG_WARN_OBJC_LITERAL_CONVERSION = YES;
				CLANG_WARN_OBJC_ROOT_CLASS = YES_ERROR;
				CLANG_WARN_RANGE_LOOP_ANALYSIS = YES;
				CLANG_WARN_STRICT_PROTOTYPES = YES;
				CLANG_WARN_SUSPICIOUS_MOVE = YES;
				CLANG_WARN_UNGUARDED_AVAILABILITY = YES_AGGRESSIVE;
				CLANG_WARN_UNREACHABLE_CODE = YES;
				CLANG_WARN__DUPLICATE_METHOD_MATCH = YES;
				CODE_SIGN_IDENTITY = "Mac Developer";
				COPY_PHASE_STRIP = NO;
				DEBUG_INFORMATION_FORMAT = dwarf;
				ENABLE_STRICT_OBJC_MSGSEND = YES;
				ENABLE_TESTABILITY = YES;
				GCC_C_LANGUAGE_STANDARD = gnu11;
				GCC_DYNAMIC_NO_PIC = NO;
				GCC_NO_COMMON_BLOCKS = YES;
				GCC_OPTIMIZATION_LEVEL = 0;
				GCC_PREPROCESSOR_DEFINITIONS = (
					"DEBUG=1",
					"$(inherited)",
				);
				GCC_WARN_64_TO_32_BIT_CONVERSION = YES;
				GCC_WARN_ABOUT_RETURN_TYPE = YES_ERROR;
				GCC_WARN_UNDECLARED_SELECTOR = YES;
				GCC_WARN_UNINITIALIZED_AUTOS = YES_AGGRESSIVE;
				GCC_WARN_UNUSED_FUNCTION = YES;
				GCC_WARN_UNUSED_VARIABLE = YES;
				MACOSX_DEPLOYMENT_TARGET = 10.11;
				MTL_ENABLE_DEBUG_INFO = INCLUDE_SOURCE;
				MTL_FAST_MATH = YES;
				ONLY_ACTIVE_ARCH = YES;
				SDKROOT = macosx;
				SWIFT_ACTIVE_COMPILATION_CONDITIONS = DEBUG;
				SWIFT_OPTIMIZATION_LEVEL = "-Onone";
			};
			name = Debug;
		};
		D0E04B2B21E541030015F385 /* Release */ = {
			isa = XCBuildConfiguration;
			buildSettings = {
				ALWAYS_SEARCH_USER_PATHS = NO;
				CLANG_ANALYZER_NONNULL = YES;
				CLANG_ANALYZER_NUMBER_OBJECT_CONVERSION = YES_AGGRESSIVE;
				CLANG_CXX_LANGUAGE_STANDARD = "gnu++14";
				CLANG_CXX_LIBRARY = "libc++";
				CLANG_ENABLE_MODULES = YES;
				CLANG_ENABLE_OBJC_ARC = YES;
				CLANG_ENABLE_OBJC_WEAK = YES;
				CLANG_WARN_BLOCK_CAPTURE_AUTORELEASING = YES;
				CLANG_WARN_BOOL_CONVERSION = YES;
				CLANG_WARN_COMMA = YES;
				CLANG_WARN_CONSTANT_CONVERSION = YES;
				CLANG_WARN_DEPRECATED_OBJC_IMPLEMENTATIONS = YES;
				CLANG_WARN_DIRECT_OBJC_ISA_USAGE = YES_ERROR;
				CLANG_WARN_DOCUMENTATION_COMMENTS = YES;
				CLANG_WARN_EMPTY_BODY = YES;
				CLANG_WARN_ENUM_CONVERSION = YES;
				CLANG_WARN_INFINITE_RECURSION = YES;
				CLANG_WARN_INT_CONVERSION = YES;
				CLANG_WARN_NON_LITERAL_NULL_CONVERSION = YES;
				CLANG_WARN_OBJC_IMPLICIT_RETAIN_SELF = YES;
				CLANG_WARN_OBJC_LITERAL_CONVERSION = YES;
				CLANG_WARN_OBJC_ROOT_CLASS = YES_ERROR;
				CLANG_WARN_RANGE_LOOP_ANALYSIS = YES;
				CLANG_WARN_STRICT_PROTOTYPES = YES;
				CLANG_WARN_SUSPICIOUS_MOVE = YES;
				CLANG_WARN_UNGUARDED_AVAILABILITY = YES_AGGRESSIVE;
				CLANG_WARN_UNREACHABLE_CODE = YES;
				CLANG_WARN__DUPLICATE_METHOD_MATCH = YES;
				CODE_SIGN_IDENTITY = "Mac Developer";
				COPY_PHASE_STRIP = NO;
				DEBUG_INFORMATION_FORMAT = "dwarf-with-dsym";
				ENABLE_NS_ASSERTIONS = NO;
				ENABLE_STRICT_OBJC_MSGSEND = YES;
				GCC_C_LANGUAGE_STANDARD = gnu11;
				GCC_NO_COMMON_BLOCKS = YES;
				GCC_WARN_64_TO_32_BIT_CONVERSION = YES;
				GCC_WARN_ABOUT_RETURN_TYPE = YES_ERROR;
				GCC_WARN_UNDECLARED_SELECTOR = YES;
				GCC_WARN_UNINITIALIZED_AUTOS = YES_AGGRESSIVE;
				GCC_WARN_UNUSED_FUNCTION = YES;
				GCC_WARN_UNUSED_VARIABLE = YES;
				MACOSX_DEPLOYMENT_TARGET = 10.11;
				MTL_ENABLE_DEBUG_INFO = NO;
				MTL_FAST_MATH = YES;
				SDKROOT = macosx;
				SWIFT_COMPILATION_MODE = wholemodule;
				SWIFT_OPTIMIZATION_LEVEL = "-O";
			};
			name = Release;
		};
		D0E04B2D21E541030015F385 /* Debug */ = {
			isa = XCBuildConfiguration;
			buildSettings = {
				ASSETCATALOG_COMPILER_APPICON_NAME = AppIcon;
				CODE_SIGN_ENTITLEMENTS = Keurig/Keurig.entitlements;
				CODE_SIGN_IDENTITY = "Mac Developer";
				CODE_SIGN_STYLE = Automatic;
				COMBINE_HIDPI_IMAGES = YES;
				DEVELOPMENT_TEAM = 5RL29674RT;
				INFOPLIST_FILE = "$(SRCROOT)/Keurig/Info.plist";
				LD_RUNPATH_SEARCH_PATHS = (
					"$(inherited)",
					"@executable_path/../Frameworks",
				);
				MACOSX_DEPLOYMENT_TARGET = 10.13;
				PRODUCT_BUNDLE_IDENTIFIER = xyz.royalapps.Keurig;
				PRODUCT_NAME = "$(TARGET_NAME)";
				PROVISIONING_PROFILE_SPECIFIER = "";
				SWIFT_VERSION = 4.2;
			};
			name = Debug;
		};
		D0E04B2E21E541030015F385 /* Release */ = {
			isa = XCBuildConfiguration;
			buildSettings = {
				ASSETCATALOG_COMPILER_APPICON_NAME = AppIcon;
				CODE_SIGN_ENTITLEMENTS = Keurig/Keurig.entitlements;
				CODE_SIGN_IDENTITY = "Mac Developer";
				CODE_SIGN_STYLE = Automatic;
				COMBINE_HIDPI_IMAGES = YES;
				DEVELOPMENT_TEAM = 5RL29674RT;
				INFOPLIST_FILE = "$(SRCROOT)/Keurig/Info.plist";
				LD_RUNPATH_SEARCH_PATHS = (
					"$(inherited)",
					"@executable_path/../Frameworks",
				);
				MACOSX_DEPLOYMENT_TARGET = 10.13;
				PRODUCT_BUNDLE_IDENTIFIER = xyz.royalapps.Keurig;
				PRODUCT_NAME = "$(TARGET_NAME)";
				PROVISIONING_PROFILE_SPECIFIER = "";
				SWIFT_VERSION = 4.2;
			};
			name = Release;
		};
		D0E04B3021E541030015F385 /* Debug */ = {
			isa = XCBuildConfiguration;
			buildSettings = {
				ALWAYS_EMBED_SWIFT_STANDARD_LIBRARIES = YES;
				BUNDLE_LOADER = "$(TEST_HOST)";
				CODE_SIGN_STYLE = Automatic;
				COMBINE_HIDPI_IMAGES = YES;
				DEVELOPMENT_TEAM = 5RL29674RT;
				INFOPLIST_FILE = "Java BuildRunTests/Info.plist";
				LD_RUNPATH_SEARCH_PATHS = (
					"$(inherited)",
					"@executable_path/../Frameworks",
					"@loader_path/../Frameworks",
				);
				PRODUCT_BUNDLE_IDENTIFIER = "xyz.royalapps.Java-BuildRunTests";
				PRODUCT_NAME = "$(TARGET_NAME)";
				SWIFT_VERSION = 4.2;
				TEST_HOST = "$(BUILT_PRODUCTS_DIR)/Keurig.app/Contents/MacOS/Keurig";
			};
			name = Debug;
		};
		D0E04B3121E541030015F385 /* Release */ = {
			isa = XCBuildConfiguration;
			buildSettings = {
				ALWAYS_EMBED_SWIFT_STANDARD_LIBRARIES = YES;
				BUNDLE_LOADER = "$(TEST_HOST)";
				CODE_SIGN_STYLE = Automatic;
				COMBINE_HIDPI_IMAGES = YES;
				DEVELOPMENT_TEAM = 5RL29674RT;
				INFOPLIST_FILE = "Java BuildRunTests/Info.plist";
				LD_RUNPATH_SEARCH_PATHS = (
					"$(inherited)",
					"@executable_path/../Frameworks",
					"@loader_path/../Frameworks",
				);
				PRODUCT_BUNDLE_IDENTIFIER = "xyz.royalapps.Java-BuildRunTests";
				PRODUCT_NAME = "$(TARGET_NAME)";
				SWIFT_VERSION = 4.2;
				TEST_HOST = "$(BUILT_PRODUCTS_DIR)/Keurig.app/Contents/MacOS/Keurig";
			};
			name = Release;
		};
		D0E04B3321E541030015F385 /* Debug */ = {
			isa = XCBuildConfiguration;
			buildSettings = {
				ALWAYS_EMBED_SWIFT_STANDARD_LIBRARIES = YES;
				CODE_SIGN_STYLE = Automatic;
				COMBINE_HIDPI_IMAGES = YES;
				DEVELOPMENT_TEAM = 5RL29674RT;
				INFOPLIST_FILE = "Java BuildRunUITests/Info.plist";
				LD_RUNPATH_SEARCH_PATHS = (
					"$(inherited)",
					"@executable_path/../Frameworks",
					"@loader_path/../Frameworks",
				);
				PRODUCT_BUNDLE_IDENTIFIER = "xyz.royalapps.Java-BuildRunUITests";
				PRODUCT_NAME = "$(TARGET_NAME)";
				SWIFT_VERSION = 4.2;
				TEST_TARGET_NAME = "Java BuildRun";
			};
			name = Debug;
		};
		D0E04B3421E541030015F385 /* Release */ = {
			isa = XCBuildConfiguration;
			buildSettings = {
				ALWAYS_EMBED_SWIFT_STANDARD_LIBRARIES = YES;
				CODE_SIGN_STYLE = Automatic;
				COMBINE_HIDPI_IMAGES = YES;
				DEVELOPMENT_TEAM = 5RL29674RT;
				INFOPLIST_FILE = "Java BuildRunUITests/Info.plist";
				LD_RUNPATH_SEARCH_PATHS = (
					"$(inherited)",
					"@executable_path/../Frameworks",
					"@loader_path/../Frameworks",
				);
				PRODUCT_BUNDLE_IDENTIFIER = "xyz.royalapps.Java-BuildRunUITests";
				PRODUCT_NAME = "$(TARGET_NAME)";
				SWIFT_VERSION = 4.2;
				TEST_TARGET_NAME = "Java BuildRun";
			};
			name = Release;
		};
/* End XCBuildConfiguration section */

/* Begin XCConfigurationList section */
		D0E04B0321E541000015F385 /* Build configuration list for PBXProject "Keurig" */ = {
			isa = XCConfigurationList;
			buildConfigurations = (
				D0E04B2A21E541030015F385 /* Debug */,
				D0E04B2B21E541030015F385 /* Release */,
			);
			defaultConfigurationIsVisible = 0;
			defaultConfigurationName = Release;
		};
		D0E04B2C21E541030015F385 /* Build configuration list for PBXNativeTarget "Keurig" */ = {
			isa = XCConfigurationList;
			buildConfigurations = (
				D0E04B2D21E541030015F385 /* Debug */,
				D0E04B2E21E541030015F385 /* Release */,
			);
			defaultConfigurationIsVisible = 0;
			defaultConfigurationName = Release;
		};
		D0E04B2F21E541030015F385 /* Build configuration list for PBXNativeTarget "KeurigTests" */ = {
			isa = XCConfigurationList;
			buildConfigurations = (
				D0E04B3021E541030015F385 /* Debug */,
				D0E04B3121E541030015F385 /* Release */,
			);
			defaultConfigurationIsVisible = 0;
			defaultConfigurationName = Release;
		};
		D0E04B3221E541030015F385 /* Build configuration list for PBXNativeTarget "KeurigUITests" */ = {
			isa = XCConfigurationList;
			buildConfigurations = (
				D0E04B3321E541030015F385 /* Debug */,
				D0E04B3421E541030015F385 /* Release */,
			);
			defaultConfigurationIsVisible = 0;
			defaultConfigurationName = Release;
		};
/* End XCConfigurationList section */
	};
	rootObject = D0E04B0021E541000015F385 /* Project object */;
}
